
Microsoft Visual Studio Solution File, Format Version 12.00
# Visual Studio Version 17
VisualStudioVersion = 17.8.34330.188
MinimumVisualStudioVersion = 10.0.40219.1
Project("{FAE04EC0-301F-11D3-BF4B-00C04F79EFBC}") = "TimeManager", "TimeManager.csproj", "{ED9A08CE-EB55-4D3B-AFC8-C69481893887}"
EndProject
Global
	GlobalSection(SolutionConfigurationPlatforms) = preSolution
		Debug|Any CPU = Debug|Any CPU
		Release|Any CPU = Release|Any CPU
	EndGlobalSection
	GlobalSection(ProjectConfigurationPlatforms) = postSolution
		{ED9A08CE-EB55-4D3B-AFC8-C69481893887}.Debug|Any CPU.ActiveCfg = Debug|Any CPU
		{ED9A08CE-EB55-4D3B-AFC8-C69481893887}.Debug|Any CPU.Build.0 = Debug|Any CPU
		{ED9A08CE-EB55-4D3B-AFC8-C69481893887}.Release|Any CPU.ActiveCfg = Release|Any CPU
		{ED9A08CE-EB55-4D3B-AFC8-C69481893887}.Release|Any CPU.Build.0 = Release|Any CPU
	EndGlobalSection
	GlobalSection(SolutionProperties) = preSolution
		HideSolutionNode = FALSE
	EndGlobalSection
	GlobalSection(ExtensibilityGlobals) = postSolution
		SolutionGuid = {F558F87F-AB8E-4720-96B8-A4DDDC0B9EC6}
	EndGlobalSection
EndGlobal
